# This file is autogenerated, do not edit; changes may be undone by the next 'dep ensure'.


[[projects]]
  digest = "1:540e177abbebed1ffc5071ae9b8a9f31b1f137fc1eabbe161cf28c78fe50aa86"
  name = "github.com/vmware/govmomi"
  packages = [
    "ovf",
    "vim25",
    "vim25/debug",
    "vim25/methods",
    "vim25/mo",
    "vim25/progress",
    "vim25/soap",
    "vim25/types",
    "vim25/xml",
  ]
  pruneopts = "NUT"
  revision = "3617f28d167d448f93f282a867870f109516d2a5"
  version = "v0.19.0"

[[projects]]
  branch = "master"
  digest = "1:3f8f243b8b4ebd09c52535a2ed7c96953bad2702c4c4b3356d9ccf1a81c0a944"
  name = "github.com/vmware/vmw-guestinfo"
  packages = [
    "bdoor",
    "message",
    "rpcout",
    "rpcvmx",
    "vmcheck",
  ]
  pruneopts = "NUT"
  revision = "25eff159a728be87e103a0b8045e08273f4dbec4"

[solve-meta]
  analyzer-name = "dep"
  analyzer-version = 1
  input-imports = [
    "github.com/vmware/govmomi/ovf",
    "github.com/vmware/vmw-guestinfo/rpcvmx",
    "github.com/vmware/vmw-guestinfo/vmcheck",
  ]
  solver-name = "gps-cdcl"
  solver-version = 1
